// !$*UTF8*$!
{
	archiveVersion = 1;
	classes = {
	};
	objectVersion = 56;
	objects = {

/* Begin PBXBuildFile section */
		5636EFEE2A406036005A3859 /* GamingScreenViewController.swift in Sources */ = {isa = PBXBuildFile; fileRef = 5636EFED2A406036005A3859 /* GamingScreenViewController.swift */; };
		565B7CA82A4C47F40027947D /* NotifTableViewCell.swift in Sources */ = {isa = PBXBuildFile; fileRef = 565B7CA72A4C47F40027947D /* NotifTableViewCell.swift */; };
		565B7CAB2A4C6B0E0027947D /* Extension+RoundedProfilePic.swift in Sources */ = {isa = PBXBuildFile; fileRef = 565B7CAA2A4C6B0E0027947D /* Extension+RoundedProfilePic.swift */; };
		569E82962A3B2FDE0014BF2B /* FirebaseManager.swift in Sources */ = {isa = PBXBuildFile; fileRef = 569E82952A3B2FDE0014BF2B /* FirebaseManager.swift */; };
		56A160DA2A385B9700C0B0A9 /* Blog.swift in Sources */ = {isa = PBXBuildFile; fileRef = 56A160D92A385B9700C0B0A9 /* Blog.swift */; };
		56A29E062A309AB100D866F1 /* RacingScreenViewController.swift in Sources */ = {isa = PBXBuildFile; fileRef = 56A29E052A309AB100D866F1 /* RacingScreenViewController.swift */; };
		56A29E0B2A309E0C00D866F1 /* FirebaseDatabaseSwift in Frameworks */ = {isa = PBXBuildFile; productRef = 56A29E0A2A309E0C00D866F1 /* FirebaseDatabaseSwift */; };
		56A29E0D2A309E1100D866F1 /* FirebaseFirestoreSwift in Frameworks */ = {isa = PBXBuildFile; productRef = 56A29E0C2A309E1100D866F1 /* FirebaseFirestoreSwift */; };
		56A29E0F2A309E1A00D866F1 /* FirebaseFunctions in Frameworks */ = {isa = PBXBuildFile; productRef = 56A29E0E2A309E1A00D866F1 /* FirebaseFunctions */; };
		56A29E112A30A62900D866F1 /* FavouritesScreenViewController.swift in Sources */ = {isa = PBXBuildFile; fileRef = 56A29E102A30A62900D866F1 /* FavouritesScreenViewController.swift */; };
		56A29E132A30AA4000D866F1 /* BlogCollectionViewCell.swift in Sources */ = {isa = PBXBuildFile; fileRef = 56A29E122A30AA4000D866F1 /* BlogCollectionViewCell.swift */; };
		56A29E182A30C72A00D866F1 /* ProfileViewController.swift in Sources */ = {isa = PBXBuildFile; fileRef = 56A29E172A30C72A00D866F1 /* ProfileViewController.swift */; };
		56A490BA2A41B97A001C8DB8 /* FirebaseStorage in Frameworks */ = {isa = PBXBuildFile; productRef = 56A490B92A41B97A001C8DB8 /* FirebaseStorage */; };
		56AB84A92A28B1E400A3C54C /* AppDelegate.swift in Sources */ = {isa = PBXBuildFile; fileRef = 56AB84A82A28B1E400A3C54C /* AppDelegate.swift */; };
		56AB84AB2A28B1E400A3C54C /* SceneDelegate.swift in Sources */ = {isa = PBXBuildFile; fileRef = 56AB84AA2A28B1E400A3C54C /* SceneDelegate.swift */; };
		56AB84AD2A28B1E400A3C54C /* SignInViewController.swift in Sources */ = {isa = PBXBuildFile; fileRef = 56AB84AC2A28B1E400A3C54C /* SignInViewController.swift */; };
		56AB84B22A28B1E500A3C54C /* Assets.xcassets in Resources */ = {isa = PBXBuildFile; fileRef = 56AB84B12A28B1E500A3C54C /* Assets.xcassets */; };
		56AB84B52A28B1E500A3C54C /* LaunchScreen.storyboard in Resources */ = {isa = PBXBuildFile; fileRef = 56AB84B32A28B1E500A3C54C /* LaunchScreen.storyboard */; };
		56AD9F3C2A373D3B001DA577 /* DetailScreenViewController.swift in Sources */ = {isa = PBXBuildFile; fileRef = 56AD9F3B2A373D3B001DA577 /* DetailScreenViewController.swift */; };
		56AD9F3E2A37463E001DA577 /* NotificationsScreenViewController.swift in Sources */ = {isa = PBXBuildFile; fileRef = 56AD9F3D2A37463E001DA577 /* NotificationsScreenViewController.swift */; };
		56AD9F412A3751F3001DA577 /* Extension+UIStackView.swift in Sources */ = {isa = PBXBuildFile; fileRef = 56AD9F402A3751F3001DA577 /* Extension+UIStackView.swift */; };
		56B5F7732A2F5307006F3E49 /* RegisterViewController.swift in Sources */ = {isa = PBXBuildFile; fileRef = 56B5F7722A2F5307006F3E49 /* RegisterViewController.swift */; };
		56B5F7752A2F670A006F3E49 /* GoogleService-Info.plist in Resources */ = {isa = PBXBuildFile; fileRef = 56B5F7742A2F670A006F3E49 /* GoogleService-Info.plist */; };
		56B81B8D2A31FDD6001341CF /* TabBarViewController.swift in Sources */ = {isa = PBXBuildFile; fileRef = 56B81B8C2A31FDD6001341CF /* TabBarViewController.swift */; };
		56B81B8F2A320B55001341CF /* AddABlogViewController.swift in Sources */ = {isa = PBXBuildFile; fileRef = 56B81B8E2A320B55001341CF /* AddABlogViewController.swift */; };
		56F61C182A28C3DD00383821 /* FirebaseAuth in Frameworks */ = {isa = PBXBuildFile; productRef = 56F61C172A28C3DD00383821 /* FirebaseAuth */; };
		56F61C1C2A28C4C900383821 /* SnapKit in Frameworks */ = {isa = PBXBuildFile; productRef = 56F61C1B2A28C4C900383821 /* SnapKit */; };
		56F61C1F2A28C51A00383821 /* SDWebImage in Frameworks */ = {isa = PBXBuildFile; productRef = 56F61C1E2A28C51A00383821 /* SDWebImage */; };
/* End PBXBuildFile section */

/* Begin PBXFileReference section */
		5636EFED2A406036005A3859 /* GamingScreenViewController.swift */ = {isa = PBXFileReference; lastKnownFileType = sourcecode.swift; path = GamingScreenViewController.swift; sourceTree = "<group>"; };
		565B7CA72A4C47F40027947D /* NotifTableViewCell.swift */ = {isa = PBXFileReference; lastKnownFileType = sourcecode.swift; path = NotifTableViewCell.swift; sourceTree = "<group>"; };
		565B7CAA2A4C6B0E0027947D /* Extension+RoundedProfilePic.swift */ = {isa = PBXFileReference; lastKnownFileType = sourcecode.swift; path = "Extension+RoundedProfilePic.swift"; sourceTree = "<group>"; };
		569E82952A3B2FDE0014BF2B /* FirebaseManager.swift */ = {isa = PBXFileReference; lastKnownFileType = sourcecode.swift; path = FirebaseManager.swift; sourceTree = "<group>"; };
		56A160D92A385B9700C0B0A9 /* Blog.swift */ = {isa = PBXFileReference; lastKnownFileType = sourcecode.swift; path = Blog.swift; sourceTree = "<group>"; };
		56A29E052A309AB100D866F1 /* RacingScreenViewController.swift */ = {isa = PBXFileReference; lastKnownFileType = sourcecode.swift; path = RacingScreenViewController.swift; sourceTree = "<group>"; };
		56A29E102A30A62900D866F1 /* FavouritesScreenViewController.swift */ = {isa = PBXFileReference; lastKnownFileType = sourcecode.swift; path = FavouritesScreenViewController.swift; sourceTree = "<group>"; };
		56A29E122A30AA4000D866F1 /* BlogCollectionViewCell.swift */ = {isa = PBXFileReference; lastKnownFileType = sourcecode.swift; path = BlogCollectionViewCell.swift; sourceTree = "<group>"; };
		56A29E172A30C72A00D866F1 /* ProfileViewController.swift */ = {isa = PBXFileReference; lastKnownFileType = sourcecode.swift; path = ProfileViewController.swift; sourceTree = "<group>"; };
		56AB84A52A28B1E400A3C54C /* vlogsApp.app */ = {isa = PBXFileReference; explicitFileType = wrapper.application; includeInIndex = 0; path = vlogsApp.app; sourceTree = BUILT_PRODUCTS_DIR; };
		56AB84A82A28B1E400A3C54C /* AppDelegate.swift */ = {isa = PBXFileReference; lastKnownFileType = sourcecode.swift; path = AppDelegate.swift; sourceTree = "<group>"; };
		56AB84AA2A28B1E400A3C54C /* SceneDelegate.swift */ = {isa = PBXFileReference; lastKnownFileType = sourcecode.swift; path = SceneDelegate.swift; sourceTree = "<group>"; };
		56AB84AC2A28B1E400A3C54C /* SignInViewController.swift */ = {isa = PBXFileReference; lastKnownFileType = sourcecode.swift; path = SignInViewController.swift; sourceTree = "<group>"; };
		56AB84B12A28B1E500A3C54C /* Assets.xcassets */ = {isa = PBXFileReference; lastKnownFileType = folder.assetcatalog; path = Assets.xcassets; sourceTree = "<group>"; };
		56AB84B42A28B1E500A3C54C /* Base */ = {isa = PBXFileReference; lastKnownFileType = file.storyboard; name = Base; path = Base.lproj/LaunchScreen.storyboard; sourceTree = "<group>"; };
		56AB84B62A28B1E500A3C54C /* Info.plist */ = {isa = PBXFileReference; lastKnownFileType = text.plist.xml; path = Info.plist; sourceTree = "<group>"; };
		56AD9F3B2A373D3B001DA577 /* DetailScreenViewController.swift */ = {isa = PBXFileReference; lastKnownFileType = sourcecode.swift; path = DetailScreenViewController.swift; sourceTree = "<group>"; };
		56AD9F3D2A37463E001DA577 /* NotificationsScreenViewController.swift */ = {isa = PBXFileReference; lastKnownFileType = sourcecode.swift; path = NotificationsScreenViewController.swift; sourceTree = "<group>"; };
		56AD9F402A3751F3001DA577 /* Extension+UIStackView.swift */ = {isa = PBXFileReference; lastKnownFileType = sourcecode.swift; path = "Extension+UIStackView.swift"; sourceTree = "<group>"; };
		56B5F7722A2F5307006F3E49 /* RegisterViewController.swift */ = {isa = PBXFileReference; lastKnownFileType = sourcecode.swift; path = RegisterViewController.swift; sourceTree = "<group>"; };
		56B5F7742A2F670A006F3E49 /* GoogleService-Info.plist */ = {isa = PBXFileReference; fileEncoding = 4; lastKnownFileType = text.plist.xml; path = "GoogleService-Info.plist"; sourceTree = "<group>"; };
		56B81B8C2A31FDD6001341CF /* TabBarViewController.swift */ = {isa = PBXFileReference; lastKnownFileType = sourcecode.swift; path = TabBarViewController.swift; sourceTree = "<group>"; };
		56B81B8E2A320B55001341CF /* AddABlogViewController.swift */ = {isa = PBXFileReference; lastKnownFileType = sourcecode.swift; path = AddABlogViewController.swift; sourceTree = "<group>"; };
/* End PBXFileReference section */

/* Begin PBXFrameworksBuildPhase section */
		56AB84A22A28B1E400A3C54C /* Frameworks */ = {
			isa = PBXFrameworksBuildPhase;
			buildActionMask = 2147483647;
			files = (
				56A29E0D2A309E1100D866F1 /* FirebaseFirestoreSwift in Frameworks */,
				56A29E0B2A309E0C00D866F1 /* FirebaseDatabaseSwift in Frameworks */,
				56F61C1F2A28C51A00383821 /* SDWebImage in Frameworks */,
				56A29E0F2A309E1A00D866F1 /* FirebaseFunctions in Frameworks */,
				56A490BA2A41B97A001C8DB8 /* FirebaseStorage in Frameworks */,
				56F61C182A28C3DD00383821 /* FirebaseAuth in Frameworks */,
				56F61C1C2A28C4C900383821 /* SnapKit in Frameworks */,
			);
			runOnlyForDeploymentPostprocessing = 0;
		};
/* End PBXFrameworksBuildPhase section */

/* Begin PBXGroup section */
		565B7CA62A4C476D0027947D /* Custom Cells */ = {
			isa = PBXGroup;
			children = (
				56A29E122A30AA4000D866F1 /* BlogCollectionViewCell.swift */,
				565B7CA72A4C47F40027947D /* NotifTableViewCell.swift */,
			);
			path = "Custom Cells";
			sourceTree = "<group>";
		};
		569E82942A3B2FCF0014BF2B /* Services */ = {
			isa = PBXGroup;
			children = (
				569E82952A3B2FDE0014BF2B /* FirebaseManager.swift */,
			);
			path = Services;
			sourceTree = "<group>";
		};
		56A160D82A385B8000C0B0A9 /* Model */ = {
			isa = PBXGroup;
			children = (
				56A160D92A385B9700C0B0A9 /* Blog.swift */,
			);
			path = Model;
			sourceTree = "<group>";
		};
		56A29E072A309DDF00D866F1 /* Frameworks */ = {
			isa = PBXGroup;
			children = (
			);
			name = Frameworks;
			sourceTree = "<group>";
		};
		56A29E142A30BE9B00D866F1 /* View */ = {
			isa = PBXGroup;
			children = (
				56B81B8C2A31FDD6001341CF /* TabBarViewController.swift */,
			);
			path = View;
			sourceTree = "<group>";
		};
		56AB849C2A28B1E400A3C54C = {
			isa = PBXGroup;
			children = (
				56AB84A72A28B1E400A3C54C /* vlogsApp */,
				56AB84B32A28B1E500A3C54C /* LaunchScreen.storyboard */,
				56AB84B62A28B1E500A3C54C /* Info.plist */,
				56B5F7742A2F670A006F3E49 /* GoogleService-Info.plist */,
				56AB84B12A28B1E500A3C54C /* Assets.xcassets */,
				56AB84A62A28B1E400A3C54C /* Products */,
				56A29E072A309DDF00D866F1 /* Frameworks */,
			);
			sourceTree = "<group>";
		};
		56AB84A62A28B1E400A3C54C /* Products */ = {
			isa = PBXGroup;
			children = (
				56AB84A52A28B1E400A3C54C /* vlogsApp.app */,
			);
			name = Products;
			sourceTree = "<group>";
		};
		56AB84A72A28B1E400A3C54C /* vlogsApp */ = {
			isa = PBXGroup;
			children = (
				56AB84A82A28B1E400A3C54C /* AppDelegate.swift */,
				56AB84AA2A28B1E400A3C54C /* SceneDelegate.swift */,
				569E82942A3B2FCF0014BF2B /* Services */,
				56A160D82A385B8000C0B0A9 /* Model */,
				56AD9F3F2A3751C8001DA577 /* Helpers */,
				565B7CA62A4C476D0027947D /* Custom Cells */,
				56A29E142A30BE9B00D866F1 /* View */,
				56F61C192A28C45B00383821 /* Controller */,
			);
			path = vlogsApp;
			sourceTree = "<group>";
		};
		56AD9F3F2A3751C8001DA577 /* Helpers */ = {
			isa = PBXGroup;
			children = (
				56AD9F402A3751F3001DA577 /* Extension+UIStackView.swift */,
				565B7CAA2A4C6B0E0027947D /* Extension+RoundedProfilePic.swift */,
			);
			path = Helpers;
			sourceTree = "<group>";
		};
		56F61C192A28C45B00383821 /* Controller */ = {
			isa = PBXGroup;
			children = (
				56AB84AC2A28B1E400A3C54C /* SignInViewController.swift */,
				5636EFED2A406036005A3859 /* GamingScreenViewController.swift */,
				56B5F7722A2F5307006F3E49 /* RegisterViewController.swift */,
				56A29E052A309AB100D866F1 /* RacingScreenViewController.swift */,
				56B81B8E2A320B55001341CF /* AddABlogViewController.swift */,
				56AD9F3D2A37463E001DA577 /* NotificationsScreenViewController.swift */,
				56A29E102A30A62900D866F1 /* FavouritesScreenViewController.swift */,
				56A29E172A30C72A00D866F1 /* ProfileViewController.swift */,
				56AD9F3B2A373D3B001DA577 /* DetailScreenViewController.swift */,
			);
			path = Controller;
			sourceTree = "<group>";
		};
/* End PBXGroup section */

/* Begin PBXNativeTarget section */
		56AB84A42A28B1E400A3C54C /* vlogsApp */ = {
			isa = PBXNativeTarget;
			buildConfigurationList = 56AB84B92A28B1E500A3C54C /* Build configuration list for PBXNativeTarget "vlogsApp" */;
			buildPhases = (
				56AB84A12A28B1E400A3C54C /* Sources */,
				56AB84A22A28B1E400A3C54C /* Frameworks */,
				56AB84A32A28B1E400A3C54C /* Resources */,
			);
			buildRules = (
			);
			dependencies = (
			);
			name = vlogsApp;
			packageProductDependencies = (
				56F61C172A28C3DD00383821 /* FirebaseAuth */,
				56F61C1B2A28C4C900383821 /* SnapKit */,
				56F61C1E2A28C51A00383821 /* SDWebImage */,
				56A29E0A2A309E0C00D866F1 /* FirebaseDatabaseSwift */,
				56A29E0C2A309E1100D866F1 /* FirebaseFirestoreSwift */,
				56A29E0E2A309E1A00D866F1 /* FirebaseFunctions */,
				56A490B92A41B97A001C8DB8 /* FirebaseStorage */,
			);
			productName = vlogsApp;
			productReference = 56AB84A52A28B1E400A3C54C /* vlogsApp.app */;
			productType = "com.apple.product-type.application";
		};
/* End PBXNativeTarget section */

/* Begin PBXProject section */
		56AB849D2A28B1E400A3C54C /* Project object */ = {
			isa = PBXProject;
			attributes = {
				BuildIndependentTargetsInParallel = 1;
				LastSwiftUpdateCheck = 1430;
				LastUpgradeCheck = 1430;
				TargetAttributes = {
					56AB84A42A28B1E400A3C54C = {
						CreatedOnToolsVersion = 14.3;
					};
				};
			};
			buildConfigurationList = 56AB84A02A28B1E400A3C54C /* Build configuration list for PBXProject "vlogsApp" */;
			compatibilityVersion = "Xcode 14.0";
			developmentRegion = en;
			hasScannedForEncodings = 0;
			knownRegions = (
				en,
				Base,
			);
			mainGroup = 56AB849C2A28B1E400A3C54C;
			packageReferences = (
				56F61C162A28C3DD00383821 /* XCRemoteSwiftPackageReference "firebase-ios-sdk" */,
				56F61C1A2A28C4C900383821 /* XCRemoteSwiftPackageReference "SnapKit" */,
				56F61C1D2A28C51A00383821 /* XCRemoteSwiftPackageReference "SDWebImage" */,
			);
			productRefGroup = 56AB84A62A28B1E400A3C54C /* Products */;
			projectDirPath = "";
			projectRoot = "";
			targets = (
				56AB84A42A28B1E400A3C54C /* vlogsApp */,
			);
		};
/* End PBXProject section */

/* Begin PBXResourcesBuildPhase section */
		56AB84A32A28B1E400A3C54C /* Resources */ = {
			isa = PBXResourcesBuildPhase;
			buildActionMask = 2147483647;
			files = (
				56AB84B52A28B1E500A3C54C /* LaunchScreen.storyboard in Resources */,
				56B5F7752A2F670A006F3E49 /* GoogleService-Info.plist in Resources */,
				56AB84B22A28B1E500A3C54C /* Assets.xcassets in Resources */,
			);
			runOnlyForDeploymentPostprocessing = 0;
		};
/* End PBXResourcesBuildPhase section */

/* Begin PBXSourcesBuildPhase section */
		56AB84A12A28B1E400A3C54C /* Sources */ = {
			isa = PBXSourcesBuildPhase;
			buildActionMask = 2147483647;
			files = (
				56B81B8F2A320B55001341CF /* AddABlogViewController.swift in Sources */,
				565B7CA82A4C47F40027947D /* NotifTableViewCell.swift in Sources */,
				56AD9F412A3751F3001DA577 /* Extension+UIStackView.swift in Sources */,
				56AD9F3E2A37463E001DA577 /* NotificationsScreenViewController.swift in Sources */,
				56A29E062A309AB100D866F1 /* RacingScreenViewController.swift in Sources */,
				56AB84AD2A28B1E400A3C54C /* SignInViewController.swift in Sources */,
				56AB84A92A28B1E400A3C54C /* AppDelegate.swift in Sources */,
				56AB84AB2A28B1E400A3C54C /* SceneDelegate.swift in Sources */,
				565B7CAB2A4C6B0E0027947D /* Extension+RoundedProfilePic.swift in Sources */,
				56B81B8D2A31FDD6001341CF /* TabBarViewController.swift in Sources */,
				56AD9F3C2A373D3B001DA577 /* DetailScreenViewController.swift in Sources */,
				56A160DA2A385B9700C0B0A9 /* Blog.swift in Sources */,
				5636EFEE2A406036005A3859 /* GamingScreenViewController.swift in Sources */,
				56A29E112A30A62900D866F1 /* FavouritesScreenViewController.swift in Sources */,
				56A29E182A30C72A00D866F1 /* ProfileViewController.swift in Sources */,
				569E82962A3B2FDE0014BF2B /* FirebaseManager.swift in Sources */,
				56B5F7732A2F5307006F3E49 /* RegisterViewController.swift in Sources */,
				56A29E132A30AA4000D866F1 /* BlogCollectionViewCell.swift in Sources */,
			);
			runOnlyForDeploymentPostprocessing = 0;
		};
/* End PBXSourcesBuildPhase section */

/* Begin PBXVariantGroup section */
		56AB84B32A28B1E500A3C54C /* LaunchScreen.storyboard */ = {
			isa = PBXVariantGroup;
			children = (
				56AB84B42A28B1E500A3C54C /* Base */,
			);
			name = LaunchScreen.storyboard;
			sourceTree = "<group>";
		};
/* End PBXVariantGroup section */

/* Begin XCBuildConfiguration section */
		56AB84B72A28B1E500A3C54C /* Debug */ = {
			isa = XCBuildConfiguration;
			buildSettings = {
				ALWAYS_SEARCH_USER_PATHS = NO;
				CLANG_ANALYZER_NONNULL = YES;
				CLANG_ANALYZER_NUMBER_OBJECT_CONVERSION = YES_AGGRESSIVE;
				CLANG_CXX_LANGUAGE_STANDARD = "gnu++20";
				CLANG_ENABLE_MODULES = YES;
				CLANG_ENABLE_OBJC_ARC = YES;
				CLANG_ENABLE_OBJC_WEAK = YES;
				CLANG_WARN_BLOCK_CAPTURE_AUTORELEASING = YES;
				CLANG_WARN_BOOL_CONVERSION = YES;
				CLANG_WARN_COMMA = YES;
				CLANG_WARN_CONSTANT_CONVERSION = YES;
				CLANG_WARN_DEPRECATED_OBJC_IMPLEMENTATIONS = YES;
				CLANG_WARN_DIRECT_OBJC_ISA_USAGE = YES_ERROR;
				CLANG_WARN_DOCUMENTATION_COMMENTS = YES;
				CLANG_WARN_EMPTY_BODY = YES;
				CLANG_WARN_ENUM_CONVERSION = YES;
				CLANG_WARN_INFINITE_RECURSION = YES;
				CLANG_WARN_INT_CONVERSION = YES;
				CLANG_WARN_NON_LITERAL_NULL_CONVERSION = YES;
				CLANG_WARN_OBJC_IMPLICIT_RETAIN_SELF = YES;
				CLANG_WARN_OBJC_LITERAL_CONVERSION = YES;
				CLANG_WARN_OBJC_ROOT_CLASS = YES_ERROR;
				CLANG_WARN_QUOTED_INCLUDE_IN_FRAMEWORK_HEADER = YES;
				CLANG_WARN_RANGE_LOOP_ANALYSIS = YES;
				CLANG_WARN_STRICT_PROTOTYPES = YES;
				CLANG_WARN_SUSPICIOUS_MOVE = YES;
				CLANG_WARN_UNGUARDED_AVAILABILITY = YES_AGGRESSIVE;
				CLANG_WARN_UNREACHABLE_CODE = YES;
				CLANG_WARN__DUPLICATE_METHOD_MATCH = YES;
				COPY_PHASE_STRIP = NO;
				DEBUG_INFORMATION_FORMAT = dwarf;
				ENABLE_STRICT_OBJC_MSGSEND = YES;
				ENABLE_TESTABILITY = YES;
				GCC_C_LANGUAGE_STANDARD = gnu11;
				GCC_DYNAMIC_NO_PIC = NO;
				GCC_NO_COMMON_BLOCKS = YES;
				GCC_OPTIMIZATION_LEVEL = 0;
				GCC_PREPROCESSOR_DEFINITIONS = (
					"DEBUG=1",
					"$(inherited)",
				);
				GCC_WARN_64_TO_32_BIT_CONVERSION = YES;
				GCC_WARN_ABOUT_RETURN_TYPE = YES_ERROR;
				GCC_WARN_UNDECLARED_SELECTOR = YES;
				GCC_WARN_UNINITIALIZED_AUTOS = YES_AGGRESSIVE;
				GCC_WARN_UNUSED_FUNCTION = YES;
				GCC_WARN_UNUSED_VARIABLE = YES;
				IPHONEOS_DEPLOYMENT_TARGET = 16.4;
				MTL_ENABLE_DEBUG_INFO = INCLUDE_SOURCE;
				MTL_FAST_MATH = YES;
				ONLY_ACTIVE_ARCH = YES;
				SDKROOT = iphoneos;
				SWIFT_ACTIVE_COMPILATION_CONDITIONS = DEBUG;
				SWIFT_OPTIMIZATION_LEVEL = "-Onone";
			};
			name = Debug;
		};
		56AB84B82A28B1E500A3C54C /* Release */ = {
			isa = XCBuildConfiguration;
			buildSettings = {
				ALWAYS_SEARCH_USER_PATHS = NO;
				CLANG_ANALYZER_NONNULL = YES;
				CLANG_ANALYZER_NUMBER_OBJECT_CONVERSION = YES_AGGRESSIVE;
				CLANG_CXX_LANGUAGE_STANDARD = "gnu++20";
				CLANG_ENABLE_MODULES = YES;
				CLANG_ENABLE_OBJC_ARC = YES;
				CLANG_ENABLE_OBJC_WEAK = YES;
				CLANG_WARN_BLOCK_CAPTURE_AUTORELEASING = YES;
				CLANG_WARN_BOOL_CONVERSION = YES;
				CLANG_WARN_COMMA = YES;
				CLANG_WARN_CONSTANT_CONVERSION = YES;
				CLANG_WARN_DEPRECATED_OBJC_IMPLEMENTATIONS = YES;
				CLANG_WARN_DIRECT_OBJC_ISA_USAGE = YES_ERROR;
				CLANG_WARN_DOCUMENTATION_COMMENTS = YES;
				CLANG_WARN_EMPTY_BODY = YES;
				CLANG_WARN_ENUM_CONVERSION = YES;
				CLANG_WARN_INFINITE_RECURSION = YES;
				CLANG_WARN_INT_CONVERSION = YES;
				CLANG_WARN_NON_LITERAL_NULL_CONVERSION = YES;
				CLANG_WARN_OBJC_IMPLICIT_RETAIN_SELF = YES;
				CLANG_WARN_OBJC_LITERAL_CONVERSION = YES;
				CLANG_WARN_OBJC_ROOT_CLASS = YES_ERROR;
				CLANG_WARN_QUOTED_INCLUDE_IN_FRAMEWORK_HEADER = YES;
				CLANG_WARN_RANGE_LOOP_ANALYSIS = YES;
				CLANG_WARN_STRICT_PROTOTYPES = YES;
				CLANG_WARN_SUSPICIOUS_MOVE = YES;
				CLANG_WARN_UNGUARDED_AVAILABILITY = YES_AGGRESSIVE;
				CLANG_WARN_UNREACHABLE_CODE = YES;
				CLANG_WARN__DUPLICATE_METHOD_MATCH = YES;
				COPY_PHASE_STRIP = NO;
				DEBUG_INFORMATION_FORMAT = "dwarf-with-dsym";
				ENABLE_NS_ASSERTIONS = NO;
				ENABLE_STRICT_OBJC_MSGSEND = YES;
				GCC_C_LANGUAGE_STANDARD = gnu11;
				GCC_NO_COMMON_BLOCKS = YES;
				GCC_WARN_64_TO_32_BIT_CONVERSION = YES;
				GCC_WARN_ABOUT_RETURN_TYPE = YES_ERROR;
				GCC_WARN_UNDECLARED_SELECTOR = YES;
				GCC_WARN_UNINITIALIZED_AUTOS = YES_AGGRESSIVE;
				GCC_WARN_UNUSED_FUNCTION = YES;
				GCC_WARN_UNUSED_VARIABLE = YES;
				IPHONEOS_DEPLOYMENT_TARGET = 16.4;
				MTL_ENABLE_DEBUG_INFO = NO;
				MTL_FAST_MATH = YES;
				SDKROOT = iphoneos;
				SWIFT_COMPILATION_MODE = wholemodule;
				SWIFT_OPTIMIZATION_LEVEL = "-O";
				VALIDATE_PRODUCT = YES;
			};
			name = Release;
		};
		56AB84BA2A28B1E500A3C54C /* Debug */ = {
			isa = XCBuildConfiguration;
			buildSettings = {
				ASSETCATALOG_COMPILER_APPICON_NAME = AppIcon;
				ASSETCATALOG_COMPILER_GLOBAL_ACCENT_COLOR_NAME = AccentColor;
				CODE_SIGN_STYLE = Automatic;
				CURRENT_PROJECT_VERSION = 1;
				GENERATE_INFOPLIST_FILE = YES;
				INFOPLIST_FILE = vlogsApp/Info.plist;
				INFOPLIST_KEY_UIApplicationSupportsIndirectInputEvents = YES;
				INFOPLIST_KEY_UILaunchStoryboardName = LaunchScreen;
				INFOPLIST_KEY_UIMainStoryboardFile = "";
				INFOPLIST_KEY_UISupportedInterfaceOrientations = UIInterfaceOrientationPortrait;
				LD_RUNPATH_SEARCH_PATHS = (
					"$(inherited)",
					"@executable_path/Frameworks",
				);
				MARKETING_VERSION = 1.0;
				PRODUCT_BUNDLE_IDENTIFIER = petarpopovski.vlogsApp;
				PRODUCT_NAME = "$(TARGET_NAME)";
				SWIFT_EMIT_LOC_STRINGS = YES;
				SWIFT_VERSION = 5.0;
				TARGETED_DEVICE_FAMILY = "1,2";
			};
			name = Debug;
		};
		56AB84BB2A28B1E500A3C54C /* Release */ = {
			isa = XCBuildConfiguration;
			buildSettings = {
				ASSETCATALOG_COMPILER_APPICON_NAME = AppIcon;
				ASSETCATALOG_COMPILER_GLOBAL_ACCENT_COLOR_NAME = AccentColor;
				CODE_SIGN_STYLE = Automatic;
				CURRENT_PROJECT_VERSION = 1;
				GENERATE_INFOPLIST_FILE = YES;
				INFOPLIST_FILE = vlogsApp/Info.plist;
				INFOPLIST_KEY_UIApplicationSupportsIndirectInputEvents = YES;
				INFOPLIST_KEY_UILaunchStoryboardName = LaunchScreen;
				INFOPLIST_KEY_UIMainStoryboardFile = "";
				INFOPLIST_KEY_UISupportedInterfaceOrientations = UIInterfaceOrientationPortrait;
				LD_RUNPATH_SEARCH_PATHS = (
					"$(inherited)",
					"@executable_path/Frameworks",
				);
				MARKETING_VERSION = 1.0;
				PRODUCT_BUNDLE_IDENTIFIER = petarpopovski.vlogsApp;
				PRODUCT_NAME = "$(TARGET_NAME)";
				SWIFT_EMIT_LOC_STRINGS = YES;
				SWIFT_VERSION = 5.0;
				TARGETED_DEVICE_FAMILY = "1,2";
			};
			name = Release;
		};
/* End XCBuildConfiguration section */

/* Begin XCConfigurationList section */
		56AB84A02A28B1E400A3C54C /* Build configuration list for PBXProject "vlogsApp" */ = {
			isa = XCConfigurationList;
			buildConfigurations = (
				56AB84B72A28B1E500A3C54C /* Debug */,
				56AB84B82A28B1E500A3C54C /* Release */,
			);
			defaultConfigurationIsVisible = 0;
			defaultConfigurationName = Release;
		};
		56AB84B92A28B1E500A3C54C /* Build configuration list for PBXNativeTarget "vlogsApp" */ = {
			isa = XCConfigurationList;
			buildConfigurations = (
				56AB84BA2A28B1E500A3C54C /* Debug */,
				56AB84BB2A28B1E500A3C54C /* Release */,
			);
			defaultConfigurationIsVisible = 0;
			defaultConfigurationName = Release;
		};
/* End XCConfigurationList section */

/* Begin XCRemoteSwiftPackageReference section */
		56F61C162A28C3DD00383821 /* XCRemoteSwiftPackageReference "firebase-ios-sdk" */ = {
			isa = XCRemoteSwiftPackageReference;
			repositoryURL = "https://github.com/firebase/firebase-ios-sdk";
			requirement = {
				kind = upToNextMajorVersion;
				minimumVersion = 10.0.0;
			};
		};
		56F61C1A2A28C4C900383821 /* XCRemoteSwiftPackageReference "SnapKit" */ = {
			isa = XCRemoteSwiftPackageReference;
			repositoryURL = "https://github.com/SnapKit/SnapKit.git";
			requirement = {
				kind = upToNextMajorVersion;
				minimumVersion = 5.0.0;
			};
		};
		56F61C1D2A28C51A00383821 /* XCRemoteSwiftPackageReference "SDWebImage" */ = {
			isa = XCRemoteSwiftPackageReference;
			repositoryURL = "https://github.com/SDWebImage/SDWebImage.git";
			requirement = {
				kind = upToNextMajorVersion;
				minimumVersion = 5.0.0;
			};
		};
/* End XCRemoteSwiftPackageReference section */

/* Begin XCSwiftPackageProductDependency section */
		56A29E0A2A309E0C00D866F1 /* FirebaseDatabaseSwift */ = {
			isa = XCSwiftPackageProductDependency;
			package = 56F61C162A28C3DD00383821 /* XCRemoteSwiftPackageReference "firebase-ios-sdk" */;
			productName = FirebaseDatabaseSwift;
		};
		56A29E0C2A309E1100D866F1 /* FirebaseFirestoreSwift */ = {
			isa = XCSwiftPackageProductDependency;
			package = 56F61C162A28C3DD00383821 /* XCRemoteSwiftPackageReference "firebase-ios-sdk" */;
			productName = FirebaseFirestoreSwift;
		};
		56A29E0E2A309E1A00D866F1 /* FirebaseFunctions */ = {
			isa = XCSwiftPackageProductDependency;
			package = 56F61C162A28C3DD00383821 /* XCRemoteSwiftPackageReference "firebase-ios-sdk" */;
			productName = FirebaseFunctions;
		};
		56A490B92A41B97A001C8DB8 /* FirebaseStorage */ = {
			isa = XCSwiftPackageProductDependency;
			package = 56F61C162A28C3DD00383821 /* XCRemoteSwiftPackageReference "firebase-ios-sdk" */;
			productName = FirebaseStorage;
		};
		56F61C172A28C3DD00383821 /* FirebaseAuth */ = {
			isa = XCSwiftPackageProductDependency;
			package = 56F61C162A28C3DD00383821 /* XCRemoteSwiftPackageReference "firebase-ios-sdk" */;
			productName = FirebaseAuth;
		};
		56F61C1B2A28C4C900383821 /* SnapKit */ = {
			isa = XCSwiftPackageProductDependency;
			package = 56F61C1A2A28C4C900383821 /* XCRemoteSwiftPackageReference "SnapKit" */;
			productName = SnapKit;
		};
		56F61C1E2A28C51A00383821 /* SDWebImage */ = {
			isa = XCSwiftPackageProductDependency;
			package = 56F61C1D2A28C51A00383821 /* XCRemoteSwiftPackageReference "SDWebImage" */;
			productName = SDWebImage;
		};
/* End XCSwiftPackageProductDependency section */
	};
	rootObject = 56AB849D2A28B1E400A3C54C /* Project object */;
}
